
Microsoft Visual Studio Solution File, Format Version 12.00
# Visual Studio Version 17
VisualStudioVersion = 17.8.34408.163
MinimumVisualStudioVersion = 10.0.40219.1
Project("{FAE04EC0-301F-11D3-BF4B-00C04F79EFBC}") = "Comic", "Comic.csproj", "{869B13A1-FD3B-448E-934A-B4A9CBE57850}"
EndProject
Global
	GlobalSection(SolutionConfigurationPlatforms) = preSolution
		Debug|Any CPU = Debug|Any CPU
		Release|Any CPU = Release|Any CPU
	EndGlobalSection
	GlobalSection(ProjectConfigurationPlatforms) = postSolution
		{869B13A1-FD3B-448E-934A-B4A9CBE57850}.Debug|Any CPU.ActiveCfg = Debug|Any CPU
		{869B13A1-FD3B-448E-934A-B4A9CBE57850}.Debug|Any CPU.Build.0 = Debug|Any CPU
		{869B13A1-FD3B-448E-934A-B4A9CBE57850}.Release|Any CPU.ActiveCfg = Release|Any CPU
		{869B13A1-FD3B-448E-934A-B4A9CBE57850}.Release|Any CPU.Build.0 = Release|Any CPU
	EndGlobalSection
	GlobalSection(SolutionProperties) = preSolution
		HideSolutionNode = FALSE
	EndGlobalSection
	GlobalSection(ExtensibilityGlobals) = postSolution
		SolutionGuid = {04DACFB4-75FB-44CD-B6B9-A0D5BB5FE4FB}
	EndGlobalSection
EndGlobal
